
Microsoft Visual Studio Solution File, Format Version 12.00
# Visual Studio 15
VisualStudioVersion = 15.0.27130.2020
MinimumVisualStudioVersion = 10.0.40219.1
Project("{FAE04EC0-301F-11D3-BF4B-00C04F79EFBC}") = "Equi", "Equi\Equi.csproj", "{54EEA541-943E-43FA-8BE5-C851328348D1}"
EndProject
Project("{FAE04EC0-301F-11D3-BF4B-00C04F79EFBC}") = "SmallestArrayNumber", "SmallestArrayNumber\SmallestArrayNumber.csproj", "{04F8AFA9-037F-4572-AE41-ED332130A2FA}"
EndProject
Project("{FAE04EC0-301F-11D3-BF4B-00C04F79EFBC}") = "OddOccurrencesInArray", "OddOccurrencesInArray\OddOccurrencesInArray.csproj", "{4260BE6B-2417-46F5-B99A-6DABDE84F354}"
EndProject
Project("{FAE04EC0-301F-11D3-BF4B-00C04F79EFBC}") = "binaryGap", "binaryGap\binaryGap.csproj", "{D1283357-3E25-4820-B834-16A1D68F8241}"
EndProject
Project("{FAE04EC0-301F-11D3-BF4B-00C04F79EFBC}") = "CyclicRotation", "CyclicRotation\CyclicRotation.csproj", "{D651579E-7483-4586-B0E0-94E36A475900}"
EndProject
Project("{FAE04EC0-301F-11D3-BF4B-00C04F79EFBC}") = "TapeEquilibrium", "TapeEquilibrium\TapeEquilibrium.csproj", "{46653F10-8CC0-492D-A352-CC5092D43E43}"
EndProject
Project("{FAE04EC0-301F-11D3-BF4B-00C04F79EFBC}") = "FrogJmp", "FrogJmp\FrogJmp.csproj", "{74DAF3E1-9BE1-4804-BF88-0BC67603FA3D}"
EndProject
Project("{FAE04EC0-301F-11D3-BF4B-00C04F79EFBC}") = "PermMissingElem", "PermMissingElem\PermMissingElem.csproj", "{8ECA45A9-2BE2-43FF-A134-63284C061FC5}"
EndProject
Project("{FAE04EC0-301F-11D3-BF4B-00C04F79EFBC}") = "PermCheck", "PermCheck\PermCheck.csproj", "{5D1BCBFC-4930-4DCA-A4CD-7727573017EE}"
EndProject
Project("{FAE04EC0-301F-11D3-BF4B-00C04F79EFBC}") = "FrogRiverOne", "FrogRiverOne\FrogRiverOne.csproj", "{2926B798-B9D0-4E33-B0F5-FFA3F3A511C1}"
EndProject
Project("{FAE04EC0-301F-11D3-BF4B-00C04F79EFBC}") = "MissingInteger", "MissingInteger\MissingInteger.csproj", "{7A4D3315-3C0D-4963-B2E9-7BD5D178106A}"
EndProject
Project("{FAE04EC0-301F-11D3-BF4B-00C04F79EFBC}") = "MaxCounters", "MaxCounters\MaxCounters.csproj", "{FA9F4B46-E1B9-4D7B-BE5D-6E0477AEC582}"
EndProject
Project("{FAE04EC0-301F-11D3-BF4B-00C04F79EFBC}") = "CountDiv", "CountDiv\CountDiv.csproj", "{F01002F2-CA42-4EE3-AE3E-A2B82F53C6D3}"
EndProject
Project("{FAE04EC0-301F-11D3-BF4B-00C04F79EFBC}") = "MinAvgTwoSlice", "MinAvgTwoSlice\MinAvgTwoSlice.csproj", "{C34A232B-0E55-410B-9C20-33BCC7C1D9B1}"
EndProject
Project("{FAE04EC0-301F-11D3-BF4B-00C04F79EFBC}") = "GenomicRangeQuery", "GenomicRangeQuery\GenomicRangeQuery.csproj", "{C47FBCE7-F735-423F-8157-535601362EBA}"
EndProject
Project("{FAE04EC0-301F-11D3-BF4B-00C04F79EFBC}") = "Triangle", "Triangle\Triangle.csproj", "{6DB15A1E-9F14-4699-ADD0-B9419E53A17D}"
EndProject
Project("{FAE04EC0-301F-11D3-BF4B-00C04F79EFBC}") = "MiscUtils", "MiscUtils\MiscUtils.csproj", "{B2A55F40-A38D-4659-BE67-1EED955098AE}"
EndProject
Project("{FAE04EC0-301F-11D3-BF4B-00C04F79EFBC}") = "MaxProductOfThree", "MaxProductOfThree\MaxProductOfThree.csproj", "{664755C8-BD15-4308-866C-07470970AE6C}"
EndProject
Project("{FAE04EC0-301F-11D3-BF4B-00C04F79EFBC}") = "NumberOfDiscIntersections", "NumberOfDiscIntersections\NumberOfDiscIntersections.csproj", "{981AC397-F09B-47D1-A7B4-2BBFE05E95D8}"
EndProject
Project("{FAE04EC0-301F-11D3-BF4B-00C04F79EFBC}") = "StoneWall", "StoneWall\StoneWall.csproj", "{571257B1-011B-4ED9-A360-81142DFBA2CB}"
EndProject
Project("{FAE04EC0-301F-11D3-BF4B-00C04F79EFBC}") = "Nesting", "Nesting\Nesting.csproj", "{BAA953F3-DB05-4E11-9984-2B37DCA25CDC}"
EndProject
Project("{FAE04EC0-301F-11D3-BF4B-00C04F79EFBC}") = "Fish", "Fish\Fish.csproj", "{2D8E11BB-4DA5-4276-9933-4ECC838BDB32}"
EndProject
Project("{FAE04EC0-301F-11D3-BF4B-00C04F79EFBC}") = "Leader", "Leader\Leader.csproj", "{85E75571-2381-4EFF-A980-AFEE042B0C4A}"
EndProject
Project("{FAE04EC0-301F-11D3-BF4B-00C04F79EFBC}") = "Dominator", "Dominator\Dominator.csproj", "{CEBF89B6-38AC-4411-BE31-626209B60ABB}"
EndProject
Project("{FAE04EC0-301F-11D3-BF4B-00C04F79EFBC}") = "MaxSliceSum", "MaxSliceSum\MaxSliceSum.csproj", "{BACC3F39-8589-41E9-8180-93B0B9BBC610}"
EndProject
Project("{FAE04EC0-301F-11D3-BF4B-00C04F79EFBC}") = "MaxDoubleSliceSum", "MaxDoubleSliceSum\MaxDoubleSliceSum.csproj", "{6F54515A-21BD-4432-B42A-B2865C623C5D}"
EndProject
Global
	GlobalSection(SolutionConfigurationPlatforms) = preSolution
		Debug|Any CPU = Debug|Any CPU
		Release|Any CPU = Release|Any CPU
	EndGlobalSection
	GlobalSection(ProjectConfigurationPlatforms) = postSolution
		{54EEA541-943E-43FA-8BE5-C851328348D1}.Debug|Any CPU.ActiveCfg = Debug|Any CPU
		{54EEA541-943E-43FA-8BE5-C851328348D1}.Debug|Any CPU.Build.0 = Debug|Any CPU
		{54EEA541-943E-43FA-8BE5-C851328348D1}.Release|Any CPU.ActiveCfg = Release|Any CPU
		{54EEA541-943E-43FA-8BE5-C851328348D1}.Release|Any CPU.Build.0 = Release|Any CPU
		{04F8AFA9-037F-4572-AE41-ED332130A2FA}.Debug|Any CPU.ActiveCfg = Debug|Any CPU
		{04F8AFA9-037F-4572-AE41-ED332130A2FA}.Debug|Any CPU.Build.0 = Debug|Any CPU
		{04F8AFA9-037F-4572-AE41-ED332130A2FA}.Release|Any CPU.ActiveCfg = Release|Any CPU
		{04F8AFA9-037F-4572-AE41-ED332130A2FA}.Release|Any CPU.Build.0 = Release|Any CPU
		{4260BE6B-2417-46F5-B99A-6DABDE84F354}.Debug|Any CPU.ActiveCfg = Debug|Any CPU
		{4260BE6B-2417-46F5-B99A-6DABDE84F354}.Debug|Any CPU.Build.0 = Debug|Any CPU
		{4260BE6B-2417-46F5-B99A-6DABDE84F354}.Release|Any CPU.ActiveCfg = Release|Any CPU
		{4260BE6B-2417-46F5-B99A-6DABDE84F354}.Release|Any CPU.Build.0 = Release|Any CPU
		{D1283357-3E25-4820-B834-16A1D68F8241}.Debug|Any CPU.ActiveCfg = Debug|Any CPU
		{D1283357-3E25-4820-B834-16A1D68F8241}.Debug|Any CPU.Build.0 = Debug|Any CPU
		{D1283357-3E25-4820-B834-16A1D68F8241}.Release|Any CPU.ActiveCfg = Release|Any CPU
		{D1283357-3E25-4820-B834-16A1D68F8241}.Release|Any CPU.Build.0 = Release|Any CPU
		{D651579E-7483-4586-B0E0-94E36A475900}.Debug|Any CPU.ActiveCfg = Debug|Any CPU
		{D651579E-7483-4586-B0E0-94E36A475900}.Debug|Any CPU.Build.0 = Debug|Any CPU
		{D651579E-7483-4586-B0E0-94E36A475900}.Release|Any CPU.ActiveCfg = Release|Any CPU
		{D651579E-7483-4586-B0E0-94E36A475900}.Release|Any CPU.Build.0 = Release|Any CPU
		{46653F10-8CC0-492D-A352-CC5092D43E43}.Debug|Any CPU.ActiveCfg = Debug|Any CPU
		{46653F10-8CC0-492D-A352-CC5092D43E43}.Debug|Any CPU.Build.0 = Debug|Any CPU
		{46653F10-8CC0-492D-A352-CC5092D43E43}.Release|Any CPU.ActiveCfg = Release|Any CPU
		{46653F10-8CC0-492D-A352-CC5092D43E43}.Release|Any CPU.Build.0 = Release|Any CPU
		{74DAF3E1-9BE1-4804-BF88-0BC67603FA3D}.Debug|Any CPU.ActiveCfg = Debug|Any CPU
		{74DAF3E1-9BE1-4804-BF88-0BC67603FA3D}.Debug|Any CPU.Build.0 = Debug|Any CPU
		{74DAF3E1-9BE1-4804-BF88-0BC67603FA3D}.Release|Any CPU.ActiveCfg = Release|Any CPU
		{74DAF3E1-9BE1-4804-BF88-0BC67603FA3D}.Release|Any CPU.Build.0 = Release|Any CPU
		{8ECA45A9-2BE2-43FF-A134-63284C061FC5}.Debug|Any CPU.ActiveCfg = Debug|Any CPU
		{8ECA45A9-2BE2-43FF-A134-63284C061FC5}.Debug|Any CPU.Build.0 = Debug|Any CPU
		{8ECA45A9-2BE2-43FF-A134-63284C061FC5}.Release|Any CPU.ActiveCfg = Release|Any CPU
		{8ECA45A9-2BE2-43FF-A134-63284C061FC5}.Release|Any CPU.Build.0 = Release|Any CPU
		{5D1BCBFC-4930-4DCA-A4CD-7727573017EE}.Debug|Any CPU.ActiveCfg = Debug|Any CPU
		{5D1BCBFC-4930-4DCA-A4CD-7727573017EE}.Debug|Any CPU.Build.0 = Debug|Any CPU
		{5D1BCBFC-4930-4DCA-A4CD-7727573017EE}.Release|Any CPU.ActiveCfg = Release|Any CPU
		{5D1BCBFC-4930-4DCA-A4CD-7727573017EE}.Release|Any CPU.Build.0 = Release|Any CPU
		{2926B798-B9D0-4E33-B0F5-FFA3F3A511C1}.Debug|Any CPU.ActiveCfg = Debug|Any CPU
		{2926B798-B9D0-4E33-B0F5-FFA3F3A511C1}.Debug|Any CPU.Build.0 = Debug|Any CPU
		{2926B798-B9D0-4E33-B0F5-FFA3F3A511C1}.Release|Any CPU.ActiveCfg = Release|Any CPU
		{2926B798-B9D0-4E33-B0F5-FFA3F3A511C1}.Release|Any CPU.Build.0 = Release|Any CPU
		{7A4D3315-3C0D-4963-B2E9-7BD5D178106A}.Debug|Any CPU.ActiveCfg = Debug|Any CPU
		{7A4D3315-3C0D-4963-B2E9-7BD5D178106A}.Debug|Any CPU.Build.0 = Debug|Any CPU
		{7A4D3315-3C0D-4963-B2E9-7BD5D178106A}.Release|Any CPU.ActiveCfg = Release|Any CPU
		{7A4D3315-3C0D-4963-B2E9-7BD5D178106A}.Release|Any CPU.Build.0 = Release|Any CPU
		{FA9F4B46-E1B9-4D7B-BE5D-6E0477AEC582}.Debug|Any CPU.ActiveCfg = Debug|Any CPU
		{FA9F4B46-E1B9-4D7B-BE5D-6E0477AEC582}.Debug|Any CPU.Build.0 = Debug|Any CPU
		{FA9F4B46-E1B9-4D7B-BE5D-6E0477AEC582}.Release|Any CPU.ActiveCfg = Release|Any CPU
		{FA9F4B46-E1B9-4D7B-BE5D-6E0477AEC582}.Release|Any CPU.Build.0 = Release|Any CPU
		{F01002F2-CA42-4EE3-AE3E-A2B82F53C6D3}.Debug|Any CPU.ActiveCfg = Debug|Any CPU
		{F01002F2-CA42-4EE3-AE3E-A2B82F53C6D3}.Debug|Any CPU.Build.0 = Debug|Any CPU
		{F01002F2-CA42-4EE3-AE3E-A2B82F53C6D3}.Release|Any CPU.ActiveCfg = Release|Any CPU
		{F01002F2-CA42-4EE3-AE3E-A2B82F53C6D3}.Release|Any CPU.Build.0 = Release|Any CPU
		{C34A232B-0E55-410B-9C20-33BCC7C1D9B1}.Debug|Any CPU.ActiveCfg = Debug|Any CPU
		{C34A232B-0E55-410B-9C20-33BCC7C1D9B1}.Debug|Any CPU.Build.0 = Debug|Any CPU
		{C34A232B-0E55-410B-9C20-33BCC7C1D9B1}.Release|Any CPU.ActiveCfg = Release|Any CPU
		{C34A232B-0E55-410B-9C20-33BCC7C1D9B1}.Release|Any CPU.Build.0 = Release|Any CPU
		{C47FBCE7-F735-423F-8157-535601362EBA}.Debug|Any CPU.ActiveCfg = Debug|Any CPU
		{C47FBCE7-F735-423F-8157-535601362EBA}.Debug|Any CPU.Build.0 = Debug|Any CPU
		{C47FBCE7-F735-423F-8157-535601362EBA}.Release|Any CPU.ActiveCfg = Release|Any CPU
		{C47FBCE7-F735-423F-8157-535601362EBA}.Release|Any CPU.Build.0 = Release|Any CPU
		{6DB15A1E-9F14-4699-ADD0-B9419E53A17D}.Debug|Any CPU.ActiveCfg = Debug|Any CPU
		{6DB15A1E-9F14-4699-ADD0-B9419E53A17D}.Debug|Any CPU.Build.0 = Debug|Any CPU
		{6DB15A1E-9F14-4699-ADD0-B9419E53A17D}.Release|Any CPU.ActiveCfg = Release|Any CPU
		{6DB15A1E-9F14-4699-ADD0-B9419E53A17D}.Release|Any CPU.Build.0 = Release|Any CPU
		{B2A55F40-A38D-4659-BE67-1EED955098AE}.Debug|Any CPU.ActiveCfg = Debug|Any CPU
		{B2A55F40-A38D-4659-BE67-1EED955098AE}.Debug|Any CPU.Build.0 = Debug|Any CPU
		{B2A55F40-A38D-4659-BE67-1EED955098AE}.Release|Any CPU.ActiveCfg = Release|Any CPU
		{B2A55F40-A38D-4659-BE67-1EED955098AE}.Release|Any CPU.Build.0 = Release|Any CPU
		{664755C8-BD15-4308-866C-07470970AE6C}.Debug|Any CPU.ActiveCfg = Debug|Any CPU
		{664755C8-BD15-4308-866C-07470970AE6C}.Debug|Any CPU.Build.0 = Debug|Any CPU
		{664755C8-BD15-4308-866C-07470970AE6C}.Release|Any CPU.ActiveCfg = Release|Any CPU
		{664755C8-BD15-4308-866C-07470970AE6C}.Release|Any CPU.Build.0 = Release|Any CPU
		{981AC397-F09B-47D1-A7B4-2BBFE05E95D8}.Debug|Any CPU.ActiveCfg = Debug|Any CPU
		{981AC397-F09B-47D1-A7B4-2BBFE05E95D8}.Debug|Any CPU.Build.0 = Debug|Any CPU
		{981AC397-F09B-47D1-A7B4-2BBFE05E95D8}.Release|Any CPU.ActiveCfg = Release|Any CPU
		{981AC397-F09B-47D1-A7B4-2BBFE05E95D8}.Release|Any CPU.Build.0 = Release|Any CPU
		{571257B1-011B-4ED9-A360-81142DFBA2CB}.Debug|Any CPU.ActiveCfg = Debug|Any CPU
		{571257B1-011B-4ED9-A360-81142DFBA2CB}.Debug|Any CPU.Build.0 = Debug|Any CPU
		{571257B1-011B-4ED9-A360-81142DFBA2CB}.Release|Any CPU.ActiveCfg = Release|Any CPU
		{571257B1-011B-4ED9-A360-81142DFBA2CB}.Release|Any CPU.Build.0 = Release|Any CPU
		{BAA953F3-DB05-4E11-9984-2B37DCA25CDC}.Debug|Any CPU.ActiveCfg = Debug|Any CPU
		{BAA953F3-DB05-4E11-9984-2B37DCA25CDC}.Debug|Any CPU.Build.0 = Debug|Any CPU
		{BAA953F3-DB05-4E11-9984-2B37DCA25CDC}.Release|Any CPU.ActiveCfg = Release|Any CPU
		{BAA953F3-DB05-4E11-9984-2B37DCA25CDC}.Release|Any CPU.Build.0 = Release|Any CPU
		{2D8E11BB-4DA5-4276-9933-4ECC838BDB32}.Debug|Any CPU.ActiveCfg = Debug|Any CPU
		{2D8E11BB-4DA5-4276-9933-4ECC838BDB32}.Debug|Any CPU.Build.0 = Debug|Any CPU
		{2D8E11BB-4DA5-4276-9933-4ECC838BDB32}.Release|Any CPU.ActiveCfg = Release|Any CPU
		{2D8E11BB-4DA5-4276-9933-4ECC838BDB32}.Release|Any CPU.Build.0 = Release|Any CPU
		{85E75571-2381-4EFF-A980-AFEE042B0C4A}.Debug|Any CPU.ActiveCfg = Debug|Any CPU
		{85E75571-2381-4EFF-A980-AFEE042B0C4A}.Debug|Any CPU.Build.0 = Debug|Any CPU
		{85E75571-2381-4EFF-A980-AFEE042B0C4A}.Release|Any CPU.ActiveCfg = Release|Any CPU
		{85E75571-2381-4EFF-A980-AFEE042B0C4A}.Release|Any CPU.Build.0 = Release|Any CPU
		{CEBF89B6-38AC-4411-BE31-626209B60ABB}.Debug|Any CPU.ActiveCfg = Debug|Any CPU
		{CEBF89B6-38AC-4411-BE31-626209B60ABB}.Debug|Any CPU.Build.0 = Debug|Any CPU
		{CEBF89B6-38AC-4411-BE31-626209B60ABB}.Release|Any CPU.ActiveCfg = Release|Any CPU
		{CEBF89B6-38AC-4411-BE31-626209B60ABB}.Release|Any CPU.Build.0 = Release|Any CPU
		{BACC3F39-8589-41E9-8180-93B0B9BBC610}.Debug|Any CPU.ActiveCfg = Debug|Any CPU
		{BACC3F39-8589-41E9-8180-93B0B9BBC610}.Debug|Any CPU.Build.0 = Debug|Any CPU
		{BACC3F39-8589-41E9-8180-93B0B9BBC610}.Release|Any CPU.ActiveCfg = Release|Any CPU
		{BACC3F39-8589-41E9-8180-93B0B9BBC610}.Release|Any CPU.Build.0 = Release|Any CPU
		{6F54515A-21BD-4432-B42A-B2865C623C5D}.Debug|Any CPU.ActiveCfg = Debug|Any CPU
		{6F54515A-21BD-4432-B42A-B2865C623C5D}.Debug|Any CPU.Build.0 = Debug|Any CPU
		{6F54515A-21BD-4432-B42A-B2865C623C5D}.Release|Any CPU.ActiveCfg = Release|Any CPU
		{6F54515A-21BD-4432-B42A-B2865C623C5D}.Release|Any CPU.Build.0 = Release|Any CPU
	EndGlobalSection
	GlobalSection(SolutionProperties) = preSolution
		HideSolutionNode = FALSE
	EndGlobalSection
	GlobalSection(ExtensibilityGlobals) = postSolution
		SolutionGuid = {0C38CB49-9A0D-4A54-9306-AC0EA5A75EF5}
	EndGlobalSection
EndGlobal
